// !$*UTF8*$!
{
	archiveVersion = 1;
	classes = {
	};
	objectVersion = 46;
	objects = {

/* Begin PBXBuildFile section */
		3B9F51841D870D4B00DB8F21 /* AppDelegate.swift in Sources */ = {isa = PBXBuildFile; fileRef = 3B9F51831D870D4B00DB8F21 /* AppDelegate.swift */; };
		3B9F51861D870D4B00DB8F21 /* ViewController.swift in Sources */ = {isa = PBXBuildFile; fileRef = 3B9F51851D870D4B00DB8F21 /* ViewController.swift */; };
		3B9F51891D870D4B00DB8F21 /* Main.storyboard in Resources */ = {isa = PBXBuildFile; fileRef = 3B9F51871D870D4B00DB8F21 /* Main.storyboard */; };
		3B9F518B1D870D4B00DB8F21 /* Assets.xcassets in Resources */ = {isa = PBXBuildFile; fileRef = 3B9F518A1D870D4B00DB8F21 /* Assets.xcassets */; };
		3B9F518E1D870D4B00DB8F21 /* LaunchScreen.storyboard in Resources */ = {isa = PBXBuildFile; fileRef = 3B9F518C1D870D4B00DB8F21 /* LaunchScreen.storyboard */; };
		3B9F51991D870D4B00DB8F21 /* ColorfulActivityIndicatorTests.swift in Sources */ = {isa = PBXBuildFile; fileRef = 3B9F51981D870D4B00DB8F21 /* ColorfulActivityIndicatorTests.swift */; };
		3B9F51A41D870D4B00DB8F21 /* ColorfulActivityIndicatorUITests.swift in Sources */ = {isa = PBXBuildFile; fileRef = 3B9F51A31D870D4B00DB8F21 /* ColorfulActivityIndicatorUITests.swift */; };
		3B9F51C01D87126300DB8F21 /* CircularGradient.swift in Sources */ = {isa = PBXBuildFile; fileRef = 3B9F51BC1D87126300DB8F21 /* CircularGradient.swift */; };
		3B9F51C11D87126300DB8F21 /* RingLayer.swift in Sources */ = {isa = PBXBuildFile; fileRef = 3B9F51BD1D87126300DB8F21 /* RingLayer.swift */; };
		3B9F51C21D87126300DB8F21 /* RingTip.swift in Sources */ = {isa = PBXBuildFile; fileRef = 3B9F51BE1D87126300DB8F21 /* RingTip.swift */; };
		3B9F51C31D87126300DB8F21 /* Utility.swift in Sources */ = {isa = PBXBuildFile; fileRef = 3B9F51BF1D87126300DB8F21 /* Utility.swift */; };
		3BD8C4651D90471600608F58 /* ColorfulActivityIndicator.swift in Sources */ = {isa = PBXBuildFile; fileRef = 3BD8C4641D90471600608F58 /* ColorfulActivityIndicator.swift */; };
/* End PBXBuildFile section */

/* Begin PBXContainerItemProxy section */
		3B9F51951D870D4B00DB8F21 /* PBXContainerItemProxy */ = {
			isa = PBXContainerItemProxy;
			containerPortal = 3B9F51781D870D4B00DB8F21 /* Project object */;
			proxyType = 1;
			remoteGlobalIDString = 3B9F517F1D870D4B00DB8F21;
			remoteInfo = ColorfulActivityIndicator;
		};
		3B9F51A01D870D4B00DB8F21 /* PBXContainerItemProxy */ = {
			isa = PBXContainerItemProxy;
			containerPortal = 3B9F51781D870D4B00DB8F21 /* Project object */;
			proxyType = 1;
			remoteGlobalIDString = 3B9F517F1D870D4B00DB8F21;
			remoteInfo = ColorfulActivityIndicator;
		};
/* End PBXContainerItemProxy section */

/* Begin PBXFileReference section */
		3B9F51801D870D4B00DB8F21 /* ColorfulActivityIndicator.app */ = {isa = PBXFileReference; explicitFileType = wrapper.application; includeInIndex = 0; path = ColorfulActivityIndicator.app; sourceTree = BUILT_PRODUCTS_DIR; };
		3B9F51831D870D4B00DB8F21 /* AppDelegate.swift */ = {isa = PBXFileReference; lastKnownFileType = sourcecode.swift; path = AppDelegate.swift; sourceTree = "<group>"; };
		3B9F51851D870D4B00DB8F21 /* ViewController.swift */ = {isa = PBXFileReference; lastKnownFileType = sourcecode.swift; path = ViewController.swift; sourceTree = "<group>"; };
		3B9F51881D870D4B00DB8F21 /* Base */ = {isa = PBXFileReference; lastKnownFileType = file.storyboard; name = Base; path = Base.lproj/Main.storyboard; sourceTree = "<group>"; };
		3B9F518A1D870D4B00DB8F21 /* Assets.xcassets */ = {isa = PBXFileReference; lastKnownFileType = folder.assetcatalog; path = Assets.xcassets; sourceTree = "<group>"; };
		3B9F518D1D870D4B00DB8F21 /* Base */ = {isa = PBXFileReference; lastKnownFileType = file.storyboard; name = Base; path = Base.lproj/LaunchScreen.storyboard; sourceTree = "<group>"; };
		3B9F518F1D870D4B00DB8F21 /* Info.plist */ = {isa = PBXFileReference; lastKnownFileType = text.plist.xml; path = Info.plist; sourceTree = "<group>"; };
		3B9F51941D870D4B00DB8F21 /* ColorfulActivityIndicatorTests.xctest */ = {isa = PBXFileReference; explicitFileType = wrapper.cfbundle; includeInIndex = 0; path = ColorfulActivityIndicatorTests.xctest; sourceTree = BUILT_PRODUCTS_DIR; };
		3B9F51981D870D4B00DB8F21 /* ColorfulActivityIndicatorTests.swift */ = {isa = PBXFileReference; lastKnownFileType = sourcecode.swift; path = ColorfulActivityIndicatorTests.swift; sourceTree = "<group>"; };
		3B9F519A1D870D4B00DB8F21 /* Info.plist */ = {isa = PBXFileReference; lastKnownFileType = text.plist.xml; path = Info.plist; sourceTree = "<group>"; };
		3B9F519F1D870D4B00DB8F21 /* ColorfulActivityIndicatorUITests.xctest */ = {isa = PBXFileReference; explicitFileType = wrapper.cfbundle; includeInIndex = 0; path = ColorfulActivityIndicatorUITests.xctest; sourceTree = BUILT_PRODUCTS_DIR; };
		3B9F51A31D870D4B00DB8F21 /* ColorfulActivityIndicatorUITests.swift */ = {isa = PBXFileReference; lastKnownFileType = sourcecode.swift; path = ColorfulActivityIndicatorUITests.swift; sourceTree = "<group>"; };
		3B9F51A51D870D4B00DB8F21 /* Info.plist */ = {isa = PBXFileReference; lastKnownFileType = text.plist.xml; path = Info.plist; sourceTree = "<group>"; };
		3B9F51BC1D87126300DB8F21 /* CircularGradient.swift */ = {isa = PBXFileReference; fileEncoding = 4; lastKnownFileType = sourcecode.swift; path = CircularGradient.swift; sourceTree = "<group>"; };
		3B9F51BD1D87126300DB8F21 /* RingLayer.swift */ = {isa = PBXFileReference; fileEncoding = 4; lastKnownFileType = sourcecode.swift; path = RingLayer.swift; sourceTree = "<group>"; };
		3B9F51BE1D87126300DB8F21 /* RingTip.swift */ = {isa = PBXFileReference; fileEncoding = 4; lastKnownFileType = sourcecode.swift; path = RingTip.swift; sourceTree = "<group>"; };
		3B9F51BF1D87126300DB8F21 /* Utility.swift */ = {isa = PBXFileReference; fileEncoding = 4; lastKnownFileType = sourcecode.swift; path = Utility.swift; sourceTree = "<group>"; };
		3BD8C4641D90471600608F58 /* ColorfulActivityIndicator.swift */ = {isa = PBXFileReference; fileEncoding = 4; lastKnownFileType = sourcecode.swift; path = ColorfulActivityIndicator.swift; sourceTree = "<group>"; };
/* End PBXFileReference section */

/* Begin PBXFrameworksBuildPhase section */
		3B9F517D1D870D4B00DB8F21 /* Frameworks */ = {
			isa = PBXFrameworksBuildPhase;
			buildActionMask = 2147483647;
			files = (
			);
			runOnlyForDeploymentPostprocessing = 0;
		};
		3B9F51911D870D4B00DB8F21 /* Frameworks */ = {
			isa = PBXFrameworksBuildPhase;
			buildActionMask = 2147483647;
			files = (
			);
			runOnlyForDeploymentPostprocessing = 0;
		};
		3B9F519C1D870D4B00DB8F21 /* Frameworks */ = {
			isa = PBXFrameworksBuildPhase;
			buildActionMask = 2147483647;
			files = (
			);
			runOnlyForDeploymentPostprocessing = 0;
		};
/* End PBXFrameworksBuildPhase section */

/* Begin PBXGroup section */
		3B9F51771D870D4B00DB8F21 = {
			isa = PBXGroup;
			children = (
				3B9F51821D870D4B00DB8F21 /* ColorfulActivityIndicator */,
				3B9F51971D870D4B00DB8F21 /* ColorfulActivityIndicatorTests */,
				3B9F51A21D870D4B00DB8F21 /* ColorfulActivityIndicatorUITests */,
				3B9F51811D870D4B00DB8F21 /* Products */,
			);
			sourceTree = "<group>";
		};
		3B9F51811D870D4B00DB8F21 /* Products */ = {
			isa = PBXGroup;
			children = (
				3B9F51801D870D4B00DB8F21 /* ColorfulActivityIndicator.app */,
				3B9F51941D870D4B00DB8F21 /* ColorfulActivityIndicatorTests.xctest */,
				3B9F519F1D870D4B00DB8F21 /* ColorfulActivityIndicatorUITests.xctest */,
			);
			name = Products;
			sourceTree = "<group>";
		};
		3B9F51821D870D4B00DB8F21 /* ColorfulActivityIndicator */ = {
			isa = PBXGroup;
			children = (
				3B9F51B11D870D5C00DB8F21 /* Control */,
				3B9F51831D870D4B00DB8F21 /* AppDelegate.swift */,
				3B9F51851D870D4B00DB8F21 /* ViewController.swift */,
				3B9F51871D870D4B00DB8F21 /* Main.storyboard */,
				3B9F518A1D870D4B00DB8F21 /* Assets.xcassets */,
				3B9F518C1D870D4B00DB8F21 /* LaunchScreen.storyboard */,
				3B9F518F1D870D4B00DB8F21 /* Info.plist */,
			);
			path = ColorfulActivityIndicator;
			sourceTree = "<group>";
		};
		3B9F51971D870D4B00DB8F21 /* ColorfulActivityIndicatorTests */ = {
			isa = PBXGroup;
			children = (
				3B9F51981D870D4B00DB8F21 /* ColorfulActivityIndicatorTests.swift */,
				3B9F519A1D870D4B00DB8F21 /* Info.plist */,
			);
			path = ColorfulActivityIndicatorTests;
			sourceTree = "<group>";
		};
		3B9F51A21D870D4B00DB8F21 /* ColorfulActivityIndicatorUITests */ = {
			isa = PBXGroup;
			children = (
				3B9F51A31D870D4B00DB8F21 /* ColorfulActivityIndicatorUITests.swift */,
				3B9F51A51D870D4B00DB8F21 /* Info.plist */,
			);
			path = ColorfulActivityIndicatorUITests;
			sourceTree = "<group>";
		};
		3B9F51B11D870D5C00DB8F21 /* Control */ = {
			isa = PBXGroup;
			children = (
				3B9F51BB1D87124000DB8F21 /* Layers */,
				3BD8C4641D90471600608F58 /* ColorfulActivityIndicator.swift */,
			);
			path = Control;
			sourceTree = "<group>";
		};
		3B9F51BB1D87124000DB8F21 /* Layers */ = {
			isa = PBXGroup;
			children = (
				3B9F51BC1D87126300DB8F21 /* CircularGradient.swift */,
				3B9F51BD1D87126300DB8F21 /* RingLayer.swift */,
				3B9F51BE1D87126300DB8F21 /* RingTip.swift */,
				3B9F51BF1D87126300DB8F21 /* Utility.swift */,
			);
			path = Layers;
			sourceTree = "<group>";
		};
/* End PBXGroup section */

/* Begin PBXNativeTarget section */
		3B9F517F1D870D4B00DB8F21 /* ColorfulActivityIndicator */ = {
			isa = PBXNativeTarget;
			buildConfigurationList = 3B9F51A81D870D4B00DB8F21 /* Build configuration list for PBXNativeTarget "ColorfulActivityIndicator" */;
			buildPhases = (
				3B9F517C1D870D4B00DB8F21 /* Sources */,
				3B9F517D1D870D4B00DB8F21 /* Frameworks */,
				3B9F517E1D870D4B00DB8F21 /* Resources */,
			);
			buildRules = (
			);
			dependencies = (
			);
			name = ColorfulActivityIndicator;
			productName = ColorfulActivityIndicator;
			productReference = 3B9F51801D870D4B00DB8F21 /* ColorfulActivityIndicator.app */;
			productType = "com.apple.product-type.application";
		};
		3B9F51931D870D4B00DB8F21 /* ColorfulActivityIndicatorTests */ = {
			isa = PBXNativeTarget;
			buildConfigurationList = 3B9F51AB1D870D4B00DB8F21 /* Build configuration list for PBXNativeTarget "ColorfulActivityIndicatorTests" */;
			buildPhases = (
				3B9F51901D870D4B00DB8F21 /* Sources */,
				3B9F51911D870D4B00DB8F21 /* Frameworks */,
				3B9F51921D870D4B00DB8F21 /* Resources */,
			);
			buildRules = (
			);
			dependencies = (
				3B9F51961D870D4B00DB8F21 /* PBXTargetDependency */,
			);
			name = ColorfulActivityIndicatorTests;
			productName = ColorfulActivityIndicatorTests;
			productReference = 3B9F51941D870D4B00DB8F21 /* ColorfulActivityIndicatorTests.xctest */;
			productType = "com.apple.product-type.bundle.unit-test";
		};
		3B9F519E1D870D4B00DB8F21 /* ColorfulActivityIndicatorUITests */ = {
			isa = PBXNativeTarget;
			buildConfigurationList = 3B9F51AE1D870D4B00DB8F21 /* Build configuration list for PBXNativeTarget "ColorfulActivityIndicatorUITests" */;
			buildPhases = (
				3B9F519B1D870D4B00DB8F21 /* Sources */,
				3B9F519C1D870D4B00DB8F21 /* Frameworks */,
				3B9F519D1D870D4B00DB8F21 /* Resources */,
			);
			buildRules = (
			);
			dependencies = (
				3B9F51A11D870D4B00DB8F21 /* PBXTargetDependency */,
			);
			name = ColorfulActivityIndicatorUITests;
			productName = ColorfulActivityIndicatorUITests;
			productReference = 3B9F519F1D870D4B00DB8F21 /* ColorfulActivityIndicatorUITests.xctest */;
			productType = "com.apple.product-type.bundle.ui-testing";
		};
/* End PBXNativeTarget section */

/* Begin PBXProject section */
		3B9F51781D870D4B00DB8F21 /* Project object */ = {
			isa = PBXProject;
			attributes = {
				LastSwiftUpdateCheck = 0730;
				LastUpgradeCheck = 0800;
				ORGANIZATIONNAME = Nattapong;
				TargetAttributes = {
					3B9F517F1D870D4B00DB8F21 = {
						CreatedOnToolsVersion = 7.3.1;
						DevelopmentTeam = MCP73L8734;
						LastSwiftMigration = 0800;
					};
					3B9F51931D870D4B00DB8F21 = {
						CreatedOnToolsVersion = 7.3.1;
						LastSwiftMigration = 0800;
						TestTargetID = 3B9F517F1D870D4B00DB8F21;
					};
					3B9F519E1D870D4B00DB8F21 = {
						CreatedOnToolsVersion = 7.3.1;
						LastSwiftMigration = 0800;
						TestTargetID = 3B9F517F1D870D4B00DB8F21;
					};
				};
			};
			buildConfigurationList = 3B9F517B1D870D4B00DB8F21 /* Build configuration list for PBXProject "ColorfulActivityIndicator" */;
			compatibilityVersion = "Xcode 3.2";
			developmentRegion = English;
			hasScannedForEncodings = 0;
			knownRegions = (
				en,
				Base,
			);
			mainGroup = 3B9F51771D870D4B00DB8F21;
			productRefGroup = 3B9F51811D870D4B00DB8F21 /* Products */;
			projectDirPath = "";
			projectRoot = "";
			targets = (
				3B9F517F1D870D4B00DB8F21 /* ColorfulActivityIndicator */,
				3B9F51931D870D4B00DB8F21 /* ColorfulActivityIndicatorTests */,
				3B9F519E1D870D4B00DB8F21 /* ColorfulActivityIndicatorUITests */,
			);
		};
/* End PBXProject section */

/* Begin PBXResourcesBuildPhase section */
		3B9F517E1D870D4B00DB8F21 /* Resources */ = {
			isa = PBXResourcesBuildPhase;
			buildActionMask = 2147483647;
			files = (
				3B9F518E1D870D4B00DB8F21 /* LaunchScreen.storyboard in Resources */,
				3B9F518B1D870D4B00DB8F21 /* Assets.xcassets in Resources */,
				3B9F51891D870D4B00DB8F21 /* Main.storyboard in Resources */,
			);
			runOnlyForDeploymentPostprocessing = 0;
		};
		3B9F51921D870D4B00DB8F21 /* Resources */ = {
			isa = PBXResourcesBuildPhase;
			buildActionMask = 2147483647;
			files = (
			);
			runOnlyForDeploymentPostprocessing = 0;
		};
		3B9F519D1D870D4B00DB8F21 /* Resources */ = {
			isa = PBXResourcesBuildPhase;
			buildActionMask = 2147483647;
			files = (
			);
			runOnlyForDeploymentPostprocessing = 0;
		};
/* End PBXResourcesBuildPhase section */

/* Begin PBXSourcesBuildPhase section */
		3B9F517C1D870D4B00DB8F21 /* Sources */ = {
			isa = PBXSourcesBuildPhase;
			buildActionMask = 2147483647;
			files = (
				3B9F51861D870D4B00DB8F21 /* ViewController.swift in Sources */,
				3B9F51C21D87126300DB8F21 /* RingTip.swift in Sources */,
				3BD8C4651D90471600608F58 /* ColorfulActivityIndicator.swift in Sources */,
				3B9F51C31D87126300DB8F21 /* Utility.swift in Sources */,
				3B9F51841D870D4B00DB8F21 /* AppDelegate.swift in Sources */,
				3B9F51C01D87126300DB8F21 /* CircularGradient.swift in Sources */,
				3B9F51C11D87126300DB8F21 /* RingLayer.swift in Sources */,
			);
			runOnlyForDeploymentPostprocessing = 0;
		};
		3B9F51901D870D4B00DB8F21 /* Sources */ = {
			isa = PBXSourcesBuildPhase;
			buildActionMask = 2147483647;
			files = (
				3B9F51991D870D4B00DB8F21 /* ColorfulActivityIndicatorTests.swift in Sources */,
			);
			runOnlyForDeploymentPostprocessing = 0;
		};
		3B9F519B1D870D4B00DB8F21 /* Sources */ = {
			isa = PBXSourcesBuildPhase;
			buildActionMask = 2147483647;
			files = (
				3B9F51A41D870D4B00DB8F21 /* ColorfulActivityIndicatorUITests.swift in Sources */,
			);
			runOnlyForDeploymentPostprocessing = 0;
		};
/* End PBXSourcesBuildPhase section */

/* Begin PBXTargetDependency section */
		3B9F51961D870D4B00DB8F21 /* PBXTargetDependency */ = {
			isa = PBXTargetDependency;
			target = 3B9F517F1D870D4B00DB8F21 /* ColorfulActivityIndicator */;
			targetProxy = 3B9F51951D870D4B00DB8F21 /* PBXContainerItemProxy */;
		};
		3B9F51A11D870D4B00DB8F21 /* PBXTargetDependency */ = {
			isa = PBXTargetDependency;
			target = 3B9F517F1D870D4B00DB8F21 /* ColorfulActivityIndicator */;
			targetProxy = 3B9F51A01D870D4B00DB8F21 /* PBXContainerItemProxy */;
		};
/* End PBXTargetDependency section */

/* Begin PBXVariantGroup section */
		3B9F51871D870D4B00DB8F21 /* Main.storyboard */ = {
			isa = PBXVariantGroup;
			children = (
				3B9F51881D870D4B00DB8F21 /* Base */,
			);
			name = Main.storyboard;
			sourceTree = "<group>";
		};
		3B9F518C1D870D4B00DB8F21 /* LaunchScreen.storyboard */ = {
			isa = PBXVariantGroup;
			children = (
				3B9F518D1D870D4B00DB8F21 /* Base */,
			);
			name = LaunchScreen.storyboard;
			sourceTree = "<group>";
		};
/* End PBXVariantGroup section */

/* Begin XCBuildConfiguration section */
		3B9F51A61D870D4B00DB8F21 /* Debug */ = {
			isa = XCBuildConfiguration;
			buildSettings = {
				ALWAYS_SEARCH_USER_PATHS = NO;
				CLANG_ANALYZER_NONNULL = YES;
				CLANG_CXX_LANGUAGE_STANDARD = "gnu++0x";
				CLANG_CXX_LIBRARY = "libc++";
				CLANG_ENABLE_MODULES = YES;
				CLANG_ENABLE_OBJC_ARC = YES;
				CLANG_WARN_BOOL_CONVERSION = YES;
				CLANG_WARN_CONSTANT_CONVERSION = YES;
				CLANG_WARN_DIRECT_OBJC_ISA_USAGE = YES_ERROR;
				CLANG_WARN_EMPTY_BODY = YES;
				CLANG_WARN_ENUM_CONVERSION = YES;
				CLANG_WARN_INFINITE_RECURSION = YES;
				CLANG_WARN_INT_CONVERSION = YES;
				CLANG_WARN_OBJC_ROOT_CLASS = YES_ERROR;
				CLANG_WARN_SUSPICIOUS_MOVE = YES;
				CLANG_WARN_UNREACHABLE_CODE = YES;
				CLANG_WARN__DUPLICATE_METHOD_MATCH = YES;
				"CODE_SIGN_IDENTITY[sdk=iphoneos*]" = "iPhone Developer";
				COPY_PHASE_STRIP = NO;
				DEBUG_INFORMATION_FORMAT = dwarf;
				ENABLE_STRICT_OBJC_MSGSEND = YES;
				ENABLE_TESTABILITY = YES;
				GCC_C_LANGUAGE_STANDARD = gnu99;
				GCC_DYNAMIC_NO_PIC = NO;
				GCC_NO_COMMON_BLOCKS = YES;
				GCC_OPTIMIZATION_LEVEL = 0;
				GCC_PREPROCESSOR_DEFINITIONS = (
					"DEBUG=1",
					"$(inherited)",
				);
				GCC_WARN_64_TO_32_BIT_CONVERSION = YES;
				GCC_WARN_ABOUT_RETURN_TYPE = YES_ERROR;
				GCC_WARN_UNDECLARED_SELECTOR = YES;
				GCC_WARN_UNINITIALIZED_AUTOS = YES_AGGRESSIVE;
				GCC_WARN_UNUSED_FUNCTION = YES;
				GCC_WARN_UNUSED_VARIABLE = YES;
				IPHONEOS_DEPLOYMENT_TARGET = 10.0;
				MTL_ENABLE_DEBUG_INFO = YES;
				ONLY_ACTIVE_ARCH = YES;
				SDKROOT = iphoneos;
				SWIFT_OPTIMIZATION_LEVEL = "-Onone";
				TARGETED_DEVICE_FAMILY = "1,2";
			};
			name = Debug;
		};
		3B9F51A71D870D4B00DB8F21 /* Release */ = {
			isa = XCBuildConfiguration;
			buildSettings = {
				ALWAYS_SEARCH_USER_PATHS = NO;
				CLANG_ANALYZER_NONNULL = YES;
				CLANG_CXX_LANGUAGE_STANDARD = "gnu++0x";
				CLANG_CXX_LIBRARY = "libc++";
				CLANG_ENABLE_MODULES = YES;
				CLANG_ENABLE_OBJC_ARC = YES;
				CLANG_WARN_BOOL_CONVERSION = YES;
				CLANG_WARN_CONSTANT_CONVERSION = YES;
				CLANG_WARN_DIRECT_OBJC_ISA_USAGE = YES_ERROR;
				CLANG_WARN_EMPTY_BODY = YES;
				CLANG_WARN_ENUM_CONVERSION = YES;
				CLANG_WARN_INFINITE_RECURSION = YES;
				CLANG_WARN_INT_CONVERSION = YES;
				CLANG_WARN_OBJC_ROOT_CLASS = YES_ERROR;
				CLANG_WARN_SUSPICIOUS_MOVE = YES;
				CLANG_WARN_UNREACHABLE_CODE = YES;
				CLANG_WARN__DUPLICATE_METHOD_MATCH = YES;
				"CODE_SIGN_IDENTITY[sdk=iphoneos*]" = "iPhone Developer";
				COPY_PHASE_STRIP = NO;
				DEBUG_INFORMATION_FORMAT = "dwarf-with-dsym";
				ENABLE_NS_ASSERTIONS = NO;
				ENABLE_STRICT_OBJC_MSGSEND = YES;
				GCC_C_LANGUAGE_STANDARD = gnu99;
				GCC_NO_COMMON_BLOCKS = YES;
				GCC_WARN_64_TO_32_BIT_CONVERSION = YES;
				GCC_WARN_ABOUT_RETURN_TYPE = YES_ERROR;
				GCC_WARN_UNDECLARED_SELECTOR = YES;
				GCC_WARN_UNINITIALIZED_AUTOS = YES_AGGRESSIVE;
				GCC_WARN_UNUSED_FUNCTION = YES;
				GCC_WARN_UNUSED_VARIABLE = YES;
				IPHONEOS_DEPLOYMENT_TARGET = 10.0;
				MTL_ENABLE_DEBUG_INFO = NO;
				SDKROOT = iphoneos;
				SWIFT_OPTIMIZATION_LEVEL = "-Owholemodule";
				TARGETED_DEVICE_FAMILY = "1,2";
				VALIDATE_PRODUCT = YES;
			};
			name = Release;
		};
		3B9F51A91D870D4B00DB8F21 /* Debug */ = {
			isa = XCBuildConfiguration;
			buildSettings = {
				ASSETCATALOG_COMPILER_APPICON_NAME = AppIcon;
				DEVELOPMENT_TEAM = MCP73L8734;
				INFOPLIST_FILE = ColorfulActivityIndicator/Info.plist;
				IPHONEOS_DEPLOYMENT_TARGET = 10.0;
				LD_RUNPATH_SEARCH_PATHS = "$(inherited) @executable_path/Frameworks";
				PRODUCT_BUNDLE_IDENTIFIER = To.ColorfulActivityIndicator;
				PRODUCT_NAME = "$(TARGET_NAME)";
				SWIFT_VERSION = 3.0;
			};
			name = Debug;
		};
		3B9F51AA1D870D4B00DB8F21 /* Release */ = {
			isa = XCBuildConfiguration;
			buildSettings = {
				ASSETCATALOG_COMPILER_APPICON_NAME = AppIcon;
				DEVELOPMENT_TEAM = MCP73L8734;
				INFOPLIST_FILE = ColorfulActivityIndicator/Info.plist;
				IPHONEOS_DEPLOYMENT_TARGET = 10.0;
				LD_RUNPATH_SEARCH_PATHS = "$(inherited) @executable_path/Frameworks";
				PRODUCT_BUNDLE_IDENTIFIER = To.ColorfulActivityIndicator;
				PRODUCT_NAME = "$(TARGET_NAME)";
				SWIFT_VERSION = 3.0;
			};
			name = Release;
		};
		3B9F51AC1D870D4B00DB8F21 /* Debug */ = {
			isa = XCBuildConfiguration;
			buildSettings = {
				BUNDLE_LOADER = "$(TEST_HOST)";
				INFOPLIST_FILE = ColorfulActivityIndicatorTests/Info.plist;
				LD_RUNPATH_SEARCH_PATHS = "$(inherited) @executable_path/Frameworks @loader_path/Frameworks";
				PRODUCT_BUNDLE_IDENTIFIER = To.ColorfulActivityIndicatorTests;
				PRODUCT_NAME = "$(TARGET_NAME)";
				SWIFT_VERSION = 3.0;
				TEST_HOST = "$(BUILT_PRODUCTS_DIR)/ColorfulActivityIndicator.app/ColorfulActivityIndicator";
			};
			name = Debug;
		};
		3B9F51AD1D870D4B00DB8F21 /* Release */ = {
			isa = XCBuildConfiguration;
			buildSettings = {
				BUNDLE_LOADER = "$(TEST_HOST)";
				INFOPLIST_FILE = ColorfulActivityIndicatorTests/Info.plist;
				LD_RUNPATH_SEARCH_PATHS = "$(inherited) @executable_path/Frameworks @loader_path/Frameworks";
				PRODUCT_BUNDLE_IDENTIFIER = To.ColorfulActivityIndicatorTests;
				PRODUCT_NAME = "$(TARGET_NAME)";
				SWIFT_VERSION = 3.0;
				TEST_HOST = "$(BUILT_PRODUCTS_DIR)/ColorfulActivityIndicator.app/ColorfulActivityIndicator";
			};
			name = Release;
		};
		3B9F51AF1D870D4B00DB8F21 /* Debug */ = {
			isa = XCBuildConfiguration;
			buildSettings = {
				INFOPLIST_FILE = ColorfulActivityIndicatorUITests/Info.plist;
				LD_RUNPATH_SEARCH_PATHS = "$(inherited) @executable_path/Frameworks @loader_path/Frameworks";
				PRODUCT_BUNDLE_IDENTIFIER = To.ColorfulActivityIndicatorUITests;
				PRODUCT_NAME = "$(TARGET_NAME)";
				SWIFT_VERSION = 3.0;
				TEST_TARGET_NAME = ColorfulActivityIndicator;
			};
			name = Debug;
		};
		3B9F51B01D870D4B00DB8F21 /* Release */ = {
			isa = XCBuildConfiguration;
			buildSettings = {
				INFOPLIST_FILE = ColorfulActivityIndicatorUITests/Info.plist;
				LD_RUNPATH_SEARCH_PATHS = "$(inherited) @executable_path/Frameworks @loader_path/Frameworks";
				PRODUCT_BUNDLE_IDENTIFIER = To.ColorfulActivityIndicatorUITests;
				PRODUCT_NAME = "$(TARGET_NAME)";
				SWIFT_VERSION = 3.0;
				TEST_TARGET_NAME = ColorfulActivityIndicator;
			};
			name = Release;
		};
/* End XCBuildConfiguration section */

/* Begin XCConfigurationList section */
		3B9F517B1D870D4B00DB8F21 /* Build configuration list for PBXProject "ColorfulActivityIndicator" */ = {
			isa = XCConfigurationList;
			buildConfigurations = (
				3B9F51A61D870D4B00DB8F21 /* Debug */,
				3B9F51A71D870D4B00DB8F21 /* Release */,
			);
			defaultConfigurationIsVisible = 0;
			defaultConfigurationName = Release;
		};
		3B9F51A81D870D4B00DB8F21 /* Build configuration list for PBXNativeTarget "ColorfulActivityIndicator" */ = {
			isa = XCConfigurationList;
			buildConfigurations = (
				3B9F51A91D870D4B00DB8F21 /* Debug */,
				3B9F51AA1D870D4B00DB8F21 /* Release */,
			);
			defaultConfigurationIsVisible = 0;
			defaultConfigurationName = Release;
		};
		3B9F51AB1D870D4B00DB8F21 /* Build configuration list for PBXNativeTarget "ColorfulActivityIndicatorTests" */ = {
			isa = XCConfigurationList;
			buildConfigurations = (
				3B9F51AC1D870D4B00DB8F21 /* Debug */,
				3B9F51AD1D870D4B00DB8F21 /* Release */,
			);
			defaultConfigurationIsVisible = 0;
			defaultConfigurationName = Release;
		};
		3B9F51AE1D870D4B00DB8F21 /* Build configuration list for PBXNativeTarget "ColorfulActivityIndicatorUITests" */ = {
			isa = XCConfigurationList;
			buildConfigurations = (
				3B9F51AF1D870D4B00DB8F21 /* Debug */,
				3B9F51B01D870D4B00DB8F21 /* Release */,
			);
			defaultConfigurationIsVisible = 0;
			defaultConfigurationName = Release;
		};
/* End XCConfigurationList section */
	};
	rootObject = 3B9F51781D870D4B00DB8F21 /* Project object */;
}
